
Microsoft Visual Studio Solution File, Format Version 12.00
Project("{FAE04EC0-301F-11D3-BF4B-00C04F79EFBC}") = "Ewone.Api", "Ewone.Api\Ewone.Api.csproj", "{0A06D0CA-23AB-457E-86F7-262308FE401A}"
EndProject
Global
	GlobalSection(SolutionConfigurationPlatforms) = preSolution
		Debug|Any CPU = Debug|Any CPU
		Release|Any CPU = Release|Any CPU
	EndGlobalSection
	GlobalSection(ProjectConfigurationPlatforms) = postSolution
		{0A06D0CA-23AB-457E-86F7-262308FE401A}.Debug|Any CPU.ActiveCfg = Debug|Any CPU
		{0A06D0CA-23AB-457E-86F7-262308FE401A}.Debug|Any CPU.Build.0 = Debug|Any CPU
		{0A06D0CA-23AB-457E-86F7-262308FE401A}.Release|Any CPU.ActiveCfg = Release|Any CPU
		{0A06D0CA-23AB-457E-86F7-262308FE401A}.Release|Any CPU.Build.0 = Release|Any CPU
	EndGlobalSection
EndGlobal
